
Microsoft Visual Studio Solution File, Format Version 12.00
# Visual Studio Version 17
VisualStudioVersion = 17.11.35431.28
MinimumVisualStudioVersion = 10.0.40219.1
Project("{9A19103F-16F7-4668-BE54-9A1E7A4F7556}") = "ConsoleApp-Az-Automation", "ConsoleApp-Az-Automation\ConsoleApp-Az-Automation.csproj", "{D03AC210-7B3C-453E-A489-38A542AFE02E}"
EndProject
Project("{2150E333-8FDC-42A3-9474-1A3956D46DE8}") = "Solution Items", "Solution Items", "{0D80B589-98C6-4A06-B42E-90C9FE4B9B08}"
	ProjectSection(SolutionItems) = preProject
		.gitignore = .gitignore
		README.md = README.md
	EndProjectSection
EndProject
Project("{9A19103F-16F7-4668-BE54-9A1E7A4F7556}") = "ConsoleApp-Az-Check-Permissions", "ConsoleApp-Az-Check-Permissions\ConsoleApp-Az-Check-Permissions.csproj", "{C6D09F91-724E-4A79-93F3-684A8D9C3478}"
EndProject
Project("{FAE04EC0-301F-11D3-BF4B-00C04F79EFBC}") = "api-gen-ai-itops", "api-gen-ai-itops\api-gen-ai-itops.csproj", "{A5A1E274-9F7B-4DD3-9D8A-C7BBE338BF7B}"
EndProject
Global
	GlobalSection(SolutionConfigurationPlatforms) = preSolution
		Debug|Any CPU = Debug|Any CPU
		Release|Any CPU = Release|Any CPU
	EndGlobalSection
	GlobalSection(ProjectConfigurationPlatforms) = postSolution
		{D03AC210-7B3C-453E-A489-38A542AFE02E}.Debug|Any CPU.ActiveCfg = Debug|Any CPU
		{D03AC210-7B3C-453E-A489-38A542AFE02E}.Debug|Any CPU.Build.0 = Debug|Any CPU
		{D03AC210-7B3C-453E-A489-38A542AFE02E}.Release|Any CPU.ActiveCfg = Release|Any CPU
		{D03AC210-7B3C-453E-A489-38A542AFE02E}.Release|Any CPU.Build.0 = Release|Any CPU
		{C6D09F91-724E-4A79-93F3-684A8D9C3478}.Debug|Any CPU.ActiveCfg = Debug|Any CPU
		{C6D09F91-724E-4A79-93F3-684A8D9C3478}.Debug|Any CPU.Build.0 = Debug|Any CPU
		{C6D09F91-724E-4A79-93F3-684A8D9C3478}.Release|Any CPU.ActiveCfg = Release|Any CPU
		{C6D09F91-724E-4A79-93F3-684A8D9C3478}.Release|Any CPU.Build.0 = Release|Any CPU
		{A5A1E274-9F7B-4DD3-9D8A-C7BBE338BF7B}.Debug|Any CPU.ActiveCfg = Debug|Any CPU
		{A5A1E274-9F7B-4DD3-9D8A-C7BBE338BF7B}.Debug|Any CPU.Build.0 = Debug|Any CPU
		{A5A1E274-9F7B-4DD3-9D8A-C7BBE338BF7B}.Release|Any CPU.ActiveCfg = Release|Any CPU
		{A5A1E274-9F7B-4DD3-9D8A-C7BBE338BF7B}.Release|Any CPU.Build.0 = Release|Any CPU
	EndGlobalSection
	GlobalSection(SolutionProperties) = preSolution
		HideSolutionNode = FALSE
	EndGlobalSection
	GlobalSection(ExtensibilityGlobals) = postSolution
		SolutionGuid = {C4001019-640C-403E-BC63-4A4A59EC7ED2}
	EndGlobalSection
EndGlobal
