
Microsoft Visual Studio Solution File, Format Version 12.00
# Visual Studio Version 17
VisualStudioVersion = 17.5.002.0
MinimumVisualStudioVersion = 10.0.40219.1
Project("{9A19103F-16F7-4668-BE54-9A1E7A4F7556}") = "ConsoleApp-Chat-Bot", "ConsoleApp-Chat-Bot.csproj", "{F6065287-0576-410B-90DE-BCDC734F85C2}"
EndProject
Global
	GlobalSection(SolutionConfigurationPlatforms) = preSolution
		Debug|Any CPU = Debug|Any CPU
		Release|Any CPU = Release|Any CPU
	EndGlobalSection
	GlobalSection(ProjectConfigurationPlatforms) = postSolution
		{F6065287-0576-410B-90DE-BCDC734F85C2}.Debug|Any CPU.ActiveCfg = Debug|Any CPU
		{F6065287-0576-410B-90DE-BCDC734F85C2}.Debug|Any CPU.Build.0 = Debug|Any CPU
		{F6065287-0576-410B-90DE-BCDC734F85C2}.Release|Any CPU.ActiveCfg = Release|Any CPU
		{F6065287-0576-410B-90DE-BCDC734F85C2}.Release|Any CPU.Build.0 = Release|Any CPU
	EndGlobalSection
	GlobalSection(SolutionProperties) = preSolution
		HideSolutionNode = FALSE
	EndGlobalSection
	GlobalSection(ExtensibilityGlobals) = postSolution
		SolutionGuid = {DCA8D9B5-FA65-499D-8295-293540E4C0AE}
	EndGlobalSection
EndGlobal
